
Microsoft Visual Studio Solution File, Format Version 12.00
Project("{FAE04EC0-301F-11D3-BF4B-00C04F79EFBC}") = "MinimumLengthFence", "MinimumLengthFence\MinimumLengthFence.csproj", "{405A21AF-C6D3-45EB-9038-5287C0790CBC}"
EndProject
Global
	GlobalSection(SolutionConfigurationPlatforms) = preSolution
		Debug|Any CPU = Debug|Any CPU
		Release|Any CPU = Release|Any CPU
	EndGlobalSection
	GlobalSection(ProjectConfigurationPlatforms) = postSolution
		{405A21AF-C6D3-45EB-9038-5287C0790CBC}.Debug|Any CPU.ActiveCfg = Debug|Any CPU
		{405A21AF-C6D3-45EB-9038-5287C0790CBC}.Debug|Any CPU.Build.0 = Debug|Any CPU
		{405A21AF-C6D3-45EB-9038-5287C0790CBC}.Release|Any CPU.ActiveCfg = Release|Any CPU
		{405A21AF-C6D3-45EB-9038-5287C0790CBC}.Release|Any CPU.Build.0 = Release|Any CPU
	EndGlobalSection
EndGlobal
