
Microsoft Visual Studio Solution File, Format Version 12.00
# Visual Studio Version 17
VisualStudioVersion = 17.0.31815.197
MinimumVisualStudioVersion = 10.0.40219.1
Project("{FAE04EC0-301F-11D3-BF4B-00C04F79EFBC}") = "IntervalListIntersections", "IntervalListIntersections\IntervalListIntersections.csproj", "{64E9CF87-6C07-465F-802D-4171F0A4C480}"
EndProject
Project("{FAE04EC0-301F-11D3-BF4B-00C04F79EFBC}") = "IntervalListIntersections.Tests", "IntervalListIntersections.Tests\IntervalListIntersections.Tests.csproj", "{F5E69F0A-F9C5-4251-91A2-64AC313A15B9}"
EndProject
Global
	GlobalSection(SolutionConfigurationPlatforms) = preSolution
		Debug|Any CPU = Debug|Any CPU
		Release|Any CPU = Release|Any CPU
	EndGlobalSection
	GlobalSection(ProjectConfigurationPlatforms) = postSolution
		{64E9CF87-6C07-465F-802D-4171F0A4C480}.Debug|Any CPU.ActiveCfg = Debug|Any CPU
		{64E9CF87-6C07-465F-802D-4171F0A4C480}.Debug|Any CPU.Build.0 = Debug|Any CPU
		{64E9CF87-6C07-465F-802D-4171F0A4C480}.Release|Any CPU.ActiveCfg = Release|Any CPU
		{64E9CF87-6C07-465F-802D-4171F0A4C480}.Release|Any CPU.Build.0 = Release|Any CPU
		{F5E69F0A-F9C5-4251-91A2-64AC313A15B9}.Debug|Any CPU.ActiveCfg = Debug|Any CPU
		{F5E69F0A-F9C5-4251-91A2-64AC313A15B9}.Debug|Any CPU.Build.0 = Debug|Any CPU
		{F5E69F0A-F9C5-4251-91A2-64AC313A15B9}.Release|Any CPU.ActiveCfg = Release|Any CPU
		{F5E69F0A-F9C5-4251-91A2-64AC313A15B9}.Release|Any CPU.Build.0 = Release|Any CPU
	EndGlobalSection
	GlobalSection(SolutionProperties) = preSolution
		HideSolutionNode = FALSE
	EndGlobalSection
	GlobalSection(ExtensibilityGlobals) = postSolution
		SolutionGuid = {6018FEB0-0EF1-443E-8EB5-DA59C0F3C4F1}
	EndGlobalSection
EndGlobal
