
Microsoft Visual Studio Solution File, Format Version 12.00
Project("{FAE04EC0-301F-11D3-BF4B-00C04F79EFBC}") = "RightPointingTree", "RightPointingTree\RightPointingTree.csproj", "{1602E154-EF34-4457-B706-F68950D8D87F}"
EndProject
Project("{FAE04EC0-301F-11D3-BF4B-00C04F79EFBC}") = "RightPointingTree.Tests", "RightPointingTree.Tests\RightPointingTree.Tests.csproj", "{B54181FB-1251-422A-8E09-00FA815A90A6}"
EndProject
Global
	GlobalSection(SolutionConfigurationPlatforms) = preSolution
		Debug|Any CPU = Debug|Any CPU
		Release|Any CPU = Release|Any CPU
	EndGlobalSection
	GlobalSection(ProjectConfigurationPlatforms) = postSolution
		{1602E154-EF34-4457-B706-F68950D8D87F}.Debug|Any CPU.ActiveCfg = Debug|Any CPU
		{1602E154-EF34-4457-B706-F68950D8D87F}.Debug|Any CPU.Build.0 = Debug|Any CPU
		{1602E154-EF34-4457-B706-F68950D8D87F}.Release|Any CPU.ActiveCfg = Release|Any CPU
		{1602E154-EF34-4457-B706-F68950D8D87F}.Release|Any CPU.Build.0 = Release|Any CPU
		{B54181FB-1251-422A-8E09-00FA815A90A6}.Debug|Any CPU.ActiveCfg = Debug|Any CPU
		{B54181FB-1251-422A-8E09-00FA815A90A6}.Debug|Any CPU.Build.0 = Debug|Any CPU
		{B54181FB-1251-422A-8E09-00FA815A90A6}.Release|Any CPU.ActiveCfg = Release|Any CPU
		{B54181FB-1251-422A-8E09-00FA815A90A6}.Release|Any CPU.Build.0 = Release|Any CPU
	EndGlobalSection
EndGlobal
