
Microsoft Visual Studio Solution File, Format Version 12.00
Project("{FAE04EC0-301F-11D3-BF4B-00C04F79EFBC}") = "Minimum", "Minimum\Minimum.csproj", "{BFD660CD-FB5E-4915-886E-E6487D2DE3F3}"
EndProject
Project("{FAE04EC0-301F-11D3-BF4B-00C04F79EFBC}") = "Minimum.Tests", "Minimum.Tests\Minimum.Tests.csproj", "{87B7F907-9360-4D1C-B971-10BDB7DF1B20}"
EndProject
Global
	GlobalSection(SolutionConfigurationPlatforms) = preSolution
		Debug|Any CPU = Debug|Any CPU
		Release|Any CPU = Release|Any CPU
	EndGlobalSection
	GlobalSection(ProjectConfigurationPlatforms) = postSolution
		{BFD660CD-FB5E-4915-886E-E6487D2DE3F3}.Debug|Any CPU.ActiveCfg = Debug|Any CPU
		{BFD660CD-FB5E-4915-886E-E6487D2DE3F3}.Debug|Any CPU.Build.0 = Debug|Any CPU
		{BFD660CD-FB5E-4915-886E-E6487D2DE3F3}.Release|Any CPU.ActiveCfg = Release|Any CPU
		{BFD660CD-FB5E-4915-886E-E6487D2DE3F3}.Release|Any CPU.Build.0 = Release|Any CPU
		{87B7F907-9360-4D1C-B971-10BDB7DF1B20}.Debug|Any CPU.ActiveCfg = Debug|Any CPU
		{87B7F907-9360-4D1C-B971-10BDB7DF1B20}.Debug|Any CPU.Build.0 = Debug|Any CPU
		{87B7F907-9360-4D1C-B971-10BDB7DF1B20}.Release|Any CPU.ActiveCfg = Release|Any CPU
		{87B7F907-9360-4D1C-B971-10BDB7DF1B20}.Release|Any CPU.Build.0 = Release|Any CPU
	EndGlobalSection
EndGlobal
