
Microsoft Visual Studio Solution File, Format Version 12.00
Project("{FAE04EC0-301F-11D3-BF4B-00C04F79EFBC}") = "Unorganized", "Unorganized.csproj", "{6C9F6ADC-3F6E-4374-B56C-E6D99C09B47F}"
EndProject
Global
	GlobalSection(SolutionConfigurationPlatforms) = preSolution
		Debug|Any CPU = Debug|Any CPU
		Release|Any CPU = Release|Any CPU
	EndGlobalSection
	GlobalSection(ProjectConfigurationPlatforms) = postSolution
		{6C9F6ADC-3F6E-4374-B56C-E6D99C09B47F}.Debug|Any CPU.ActiveCfg = Debug|Any CPU
		{6C9F6ADC-3F6E-4374-B56C-E6D99C09B47F}.Debug|Any CPU.Build.0 = Debug|Any CPU
		{6C9F6ADC-3F6E-4374-B56C-E6D99C09B47F}.Release|Any CPU.ActiveCfg = Release|Any CPU
		{6C9F6ADC-3F6E-4374-B56C-E6D99C09B47F}.Release|Any CPU.Build.0 = Release|Any CPU
	EndGlobalSection
EndGlobal
